// !$*UTF8*$!
{
	archiveVersion = 1;
	classes = {
	};
	objectVersion = 55;
	objects = {

/* Begin PBXBuildFile section */
		0ADBD08728ECF4BD00BE26A8 /* AppDelegate.swift in Sources */ = {isa = PBXBuildFile; fileRef = 0ADBD08628ECF4BD00BE26A8 /* AppDelegate.swift */; };
		0ADBD08928ECF4BD00BE26A8 /* SceneDelegate.swift in Sources */ = {isa = PBXBuildFile; fileRef = 0ADBD08828ECF4BD00BE26A8 /* SceneDelegate.swift */; };
		0ADBD08B28ECF4BD00BE26A8 /* ViewController.swift in Sources */ = {isa = PBXBuildFile; fileRef = 0ADBD08A28ECF4BD00BE26A8 /* ViewController.swift */; };
		0ADBD08E28ECF4BD00BE26A8 /* Main.storyboard in Resources */ = {isa = PBXBuildFile; fileRef = 0ADBD08C28ECF4BD00BE26A8 /* Main.storyboard */; };
		0ADBD09028ECF4BD00BE26A8 /* Assets.xcassets in Resources */ = {isa = PBXBuildFile; fileRef = 0ADBD08F28ECF4BD00BE26A8 /* Assets.xcassets */; };
		0ADBD09328ECF4BD00BE26A8 /* LaunchScreen.storyboard in Resources */ = {isa = PBXBuildFile; fileRef = 0ADBD09128ECF4BD00BE26A8 /* LaunchScreen.storyboard */; };
		0ADBD09E28ECF4BD00BE26A8 /* BMICalculatorTests.swift in Sources */ = {isa = PBXBuildFile; fileRef = 0ADBD09D28ECF4BD00BE26A8 /* BMICalculatorTests.swift */; };
		0ADBD0A828ECF4BD00BE26A8 /* BMICalculatorUITests.swift in Sources */ = {isa = PBXBuildFile; fileRef = 0ADBD0A728ECF4BD00BE26A8 /* BMICalculatorUITests.swift */; };
		0ADBD0AA28ECF4BD00BE26A8 /* BMICalculatorUITestsLaunchTests.swift in Sources */ = {isa = PBXBuildFile; fileRef = 0ADBD0A928ECF4BD00BE26A8 /* BMICalculatorUITestsLaunchTests.swift */; };
/* End PBXBuildFile section */

/* Begin PBXContainerItemProxy section */
		0ADBD09A28ECF4BD00BE26A8 /* PBXContainerItemProxy */ = {
			isa = PBXContainerItemProxy;
			containerPortal = 0ADBD07B28ECF4BC00BE26A8 /* Project object */;
			proxyType = 1;
			remoteGlobalIDString = 0ADBD08228ECF4BD00BE26A8;
			remoteInfo = BMICalculator;
		};
		0ADBD0A428ECF4BD00BE26A8 /* PBXContainerItemProxy */ = {
			isa = PBXContainerItemProxy;
			containerPortal = 0ADBD07B28ECF4BC00BE26A8 /* Project object */;
			proxyType = 1;
			remoteGlobalIDString = 0ADBD08228ECF4BD00BE26A8;
			remoteInfo = BMICalculator;
		};
/* End PBXContainerItemProxy section */

/* Begin PBXFileReference section */
		0ADBD08328ECF4BD00BE26A8 /* BMICalculator.app */ = {isa = PBXFileReference; explicitFileType = wrapper.application; includeInIndex = 0; path = BMICalculator.app; sourceTree = BUILT_PRODUCTS_DIR; };
		0ADBD08628ECF4BD00BE26A8 /* AppDelegate.swift */ = {isa = PBXFileReference; lastKnownFileType = sourcecode.swift; path = AppDelegate.swift; sourceTree = "<group>"; };
		0ADBD08828ECF4BD00BE26A8 /* SceneDelegate.swift */ = {isa = PBXFileReference; lastKnownFileType = sourcecode.swift; path = SceneDelegate.swift; sourceTree = "<group>"; };
		0ADBD08A28ECF4BD00BE26A8 /* ViewController.swift */ = {isa = PBXFileReference; lastKnownFileType = sourcecode.swift; path = ViewController.swift; sourceTree = "<group>"; };
		0ADBD08D28ECF4BD00BE26A8 /* Base */ = {isa = PBXFileReference; lastKnownFileType = file.storyboard; name = Base; path = Base.lproj/Main.storyboard; sourceTree = "<group>"; };
		0ADBD08F28ECF4BD00BE26A8 /* Assets.xcassets */ = {isa = PBXFileReference; lastKnownFileType = folder.assetcatalog; path = Assets.xcassets; sourceTree = "<group>"; };
		0ADBD09228ECF4BD00BE26A8 /* Base */ = {isa = PBXFileReference; lastKnownFileType = file.storyboard; name = Base; path = Base.lproj/LaunchScreen.storyboard; sourceTree = "<group>"; };
		0ADBD09428ECF4BD00BE26A8 /* Info.plist */ = {isa = PBXFileReference; lastKnownFileType = text.plist.xml; path = Info.plist; sourceTree = "<group>"; };
		0ADBD09928ECF4BD00BE26A8 /* BMICalculatorTests.xctest */ = {isa = PBXFileReference; explicitFileType = wrapper.cfbundle; includeInIndex = 0; path = BMICalculatorTests.xctest; sourceTree = BUILT_PRODUCTS_DIR; };
		0ADBD09D28ECF4BD00BE26A8 /* BMICalculatorTests.swift */ = {isa = PBXFileReference; lastKnownFileType = sourcecode.swift; path = BMICalculatorTests.swift; sourceTree = "<group>"; };
		0ADBD0A328ECF4BD00BE26A8 /* BMICalculatorUITests.xctest */ = {isa = PBXFileReference; explicitFileType = wrapper.cfbundle; includeInIndex = 0; path = BMICalculatorUITests.xctest; sourceTree = BUILT_PRODUCTS_DIR; };
		0ADBD0A728ECF4BD00BE26A8 /* BMICalculatorUITests.swift */ = {isa = PBXFileReference; lastKnownFileType = sourcecode.swift; path = BMICalculatorUITests.swift; sourceTree = "<group>"; };
		0ADBD0A928ECF4BD00BE26A8 /* BMICalculatorUITestsLaunchTests.swift */ = {isa = PBXFileReference; lastKnownFileType = sourcecode.swift; path = BMICalculatorUITestsLaunchTests.swift; sourceTree = "<group>"; };
/* End PBXFileReference section */

/* Begin PBXFrameworksBuildPhase section */
		0ADBD08028ECF4BD00BE26A8 /* Frameworks */ = {
			isa = PBXFrameworksBuildPhase;
			buildActionMask = 2147483647;
			files = (
			);
			runOnlyForDeploymentPostprocessing = 0;
		};
		0ADBD09628ECF4BD00BE26A8 /* Frameworks */ = {
			isa = PBXFrameworksBuildPhase;
			buildActionMask = 2147483647;
			files = (
			);
			runOnlyForDeploymentPostprocessing = 0;
		};
		0ADBD0A028ECF4BD00BE26A8 /* Frameworks */ = {
			isa = PBXFrameworksBuildPhase;
			buildActionMask = 2147483647;
			files = (
			);
			runOnlyForDeploymentPostprocessing = 0;
		};
/* End PBXFrameworksBuildPhase section */

/* Begin PBXGroup section */
		0ADBD07A28ECF4BC00BE26A8 = {
			isa = PBXGroup;
			children = (
				0ADBD08528ECF4BD00BE26A8 /* BMICalculator */,
				0ADBD09C28ECF4BD00BE26A8 /* BMICalculatorTests */,
				0ADBD0A628ECF4BD00BE26A8 /* BMICalculatorUITests */,
				0ADBD08428ECF4BD00BE26A8 /* Products */,
			);
			sourceTree = "<group>";
		};
		0ADBD08428ECF4BD00BE26A8 /* Products */ = {
			isa = PBXGroup;
			children = (
				0ADBD08328ECF4BD00BE26A8 /* BMICalculator.app */,
				0ADBD09928ECF4BD00BE26A8 /* BMICalculatorTests.xctest */,
				0ADBD0A328ECF4BD00BE26A8 /* BMICalculatorUITests.xctest */,
			);
			name = Products;
			sourceTree = "<group>";
		};
		0ADBD08528ECF4BD00BE26A8 /* BMICalculator */ = {
			isa = PBXGroup;
			children = (
				0ADBD08628ECF4BD00BE26A8 /* AppDelegate.swift */,
				0ADBD08828ECF4BD00BE26A8 /* SceneDelegate.swift */,
				0ADBD08A28ECF4BD00BE26A8 /* ViewController.swift */,
				0ADBD08C28ECF4BD00BE26A8 /* Main.storyboard */,
				0ADBD08F28ECF4BD00BE26A8 /* Assets.xcassets */,
				0ADBD09128ECF4BD00BE26A8 /* LaunchScreen.storyboard */,
				0ADBD09428ECF4BD00BE26A8 /* Info.plist */,
			);
			path = BMICalculator;
			sourceTree = "<group>";
		};
		0ADBD09C28ECF4BD00BE26A8 /* BMICalculatorTests */ = {
			isa = PBXGroup;
			children = (
				0ADBD09D28ECF4BD00BE26A8 /* BMICalculatorTests.swift */,
			);
			path = BMICalculatorTests;
			sourceTree = "<group>";
		};
		0ADBD0A628ECF4BD00BE26A8 /* BMICalculatorUITests */ = {
			isa = PBXGroup;
			children = (
				0ADBD0A728ECF4BD00BE26A8 /* BMICalculatorUITests.swift */,
				0ADBD0A928ECF4BD00BE26A8 /* BMICalculatorUITestsLaunchTests.swift */,
			);
			path = BMICalculatorUITests;
			sourceTree = "<group>";
		};
/* End PBXGroup section */

/* Begin PBXNativeTarget section */
		0ADBD08228ECF4BD00BE26A8 /* BMICalculator */ = {
			isa = PBXNativeTarget;
			buildConfigurationList = 0ADBD0AD28ECF4BD00BE26A8 /* Build configuration list for PBXNativeTarget "BMICalculator" */;
			buildPhases = (
				0ADBD07F28ECF4BD00BE26A8 /* Sources */,
				0ADBD08028ECF4BD00BE26A8 /* Frameworks */,
				0ADBD08128ECF4BD00BE26A8 /* Resources */,
			);
			buildRules = (
			);
			dependencies = (
			);
			name = BMICalculator;
			productName = BMICalculator;
			productReference = 0ADBD08328ECF4BD00BE26A8 /* BMICalculator.app */;
			productType = "com.apple.product-type.application";
		};
		0ADBD09828ECF4BD00BE26A8 /* BMICalculatorTests */ = {
			isa = PBXNativeTarget;
			buildConfigurationList = 0ADBD0B028ECF4BD00BE26A8 /* Build configuration list for PBXNativeTarget "BMICalculatorTests" */;
			buildPhases = (
				0ADBD09528ECF4BD00BE26A8 /* Sources */,
				0ADBD09628ECF4BD00BE26A8 /* Frameworks */,
				0ADBD09728ECF4BD00BE26A8 /* Resources */,
			);
			buildRules = (
			);
			dependencies = (
				0ADBD09B28ECF4BD00BE26A8 /* PBXTargetDependency */,
			);
			name = BMICalculatorTests;
			productName = BMICalculatorTests;
			productReference = 0ADBD09928ECF4BD00BE26A8 /* BMICalculatorTests.xctest */;
			productType = "com.apple.product-type.bundle.unit-test";
		};
		0ADBD0A228ECF4BD00BE26A8 /* BMICalculatorUITests */ = {
			isa = PBXNativeTarget;
			buildConfigurationList = 0ADBD0B328ECF4BD00BE26A8 /* Build configuration list for PBXNativeTarget "BMICalculatorUITests" */;
			buildPhases = (
				0ADBD09F28ECF4BD00BE26A8 /* Sources */,
				0ADBD0A028ECF4BD00BE26A8 /* Frameworks */,
				0ADBD0A128ECF4BD00BE26A8 /* Resources */,
			);
			buildRules = (
			);
			dependencies = (
				0ADBD0A528ECF4BD00BE26A8 /* PBXTargetDependency */,
			);
			name = BMICalculatorUITests;
			productName = BMICalculatorUITests;
			productReference = 0ADBD0A328ECF4BD00BE26A8 /* BMICalculatorUITests.xctest */;
			productType = "com.apple.product-type.bundle.ui-testing";
		};
/* End PBXNativeTarget section */

/* Begin PBXProject section */
		0ADBD07B28ECF4BC00BE26A8 /* Project object */ = {
			isa = PBXProject;
			attributes = {
				BuildIndependentTargetsInParallel = 1;
				LastSwiftUpdateCheck = 1340;
				LastUpgradeCheck = 1340;
				TargetAttributes = {
					0ADBD08228ECF4BD00BE26A8 = {
						CreatedOnToolsVersion = 13.4.1;
					};
					0ADBD09828ECF4BD00BE26A8 = {
						CreatedOnToolsVersion = 13.4.1;
						TestTargetID = 0ADBD08228ECF4BD00BE26A8;
					};
					0ADBD0A228ECF4BD00BE26A8 = {
						CreatedOnToolsVersion = 13.4.1;
						TestTargetID = 0ADBD08228ECF4BD00BE26A8;
					};
				};
			};
			buildConfigurationList = 0ADBD07E28ECF4BC00BE26A8 /* Build configuration list for PBXProject "BMICalculator" */;
			compatibilityVersion = "Xcode 13.0";
			developmentRegion = en;
			hasScannedForEncodings = 0;
			knownRegions = (
				en,
				Base,
			);
			mainGroup = 0ADBD07A28ECF4BC00BE26A8;
			productRefGroup = 0ADBD08428ECF4BD00BE26A8 /* Products */;
			projectDirPath = "";
			projectRoot = "";
			targets = (
				0ADBD08228ECF4BD00BE26A8 /* BMICalculator */,
				0ADBD09828ECF4BD00BE26A8 /* BMICalculatorTests */,
				0ADBD0A228ECF4BD00BE26A8 /* BMICalculatorUITests */,
			);
		};
/* End PBXProject section */

/* Begin PBXResourcesBuildPhase section */
		0ADBD08128ECF4BD00BE26A8 /* Resources */ = {
			isa = PBXResourcesBuildPhase;
			buildActionMask = 2147483647;
			files = (
				0ADBD09328ECF4BD00BE26A8 /* LaunchScreen.storyboard in Resources */,
				0ADBD09028ECF4BD00BE26A8 /* Assets.xcassets in Resources */,
				0ADBD08E28ECF4BD00BE26A8 /* Main.storyboard in Resources */,
			);
			runOnlyForDeploymentPostprocessing = 0;
		};
		0ADBD09728ECF4BD00BE26A8 /* Resources */ = {
			isa = PBXResourcesBuildPhase;
			buildActionMask = 2147483647;
			files = (
			);
			runOnlyForDeploymentPostprocessing = 0;
		};
		0ADBD0A128ECF4BD00BE26A8 /* Resources */ = {
			isa = PBXResourcesBuildPhase;
			buildActionMask = 2147483647;
			files = (
			);
			runOnlyForDeploymentPostprocessing = 0;
		};
/* End PBXResourcesBuildPhase section */

/* Begin PBXSourcesBuildPhase section */
		0ADBD07F28ECF4BD00BE26A8 /* Sources */ = {
			isa = PBXSourcesBuildPhase;
			buildActionMask = 2147483647;
			files = (
				0ADBD08B28ECF4BD00BE26A8 /* ViewController.swift in Sources */,
				0ADBD08728ECF4BD00BE26A8 /* AppDelegate.swift in Sources */,
				0ADBD08928ECF4BD00BE26A8 /* SceneDelegate.swift in Sources */,
			);
			runOnlyForDeploymentPostprocessing = 0;
		};
		0ADBD09528ECF4BD00BE26A8 /* Sources */ = {
			isa = PBXSourcesBuildPhase;
			buildActionMask = 2147483647;
			files = (
				0ADBD09E28ECF4BD00BE26A8 /* BMICalculatorTests.swift in Sources */,
			);
			runOnlyForDeploymentPostprocessing = 0;
		};
		0ADBD09F28ECF4BD00BE26A8 /* Sources */ = {
			isa = PBXSourcesBuildPhase;
			buildActionMask = 2147483647;
			files = (
				0ADBD0A828ECF4BD00BE26A8 /* BMICalculatorUITests.swift in Sources */,
				0ADBD0AA28ECF4BD00BE26A8 /* BMICalculatorUITestsLaunchTests.swift in Sources */,
			);
			runOnlyForDeploymentPostprocessing = 0;
		};
/* End PBXSourcesBuildPhase section */

/* Begin PBXTargetDependency section */
		0ADBD09B28ECF4BD00BE26A8 /* PBXTargetDependency */ = {
			isa = PBXTargetDependency;
			target = 0ADBD08228ECF4BD00BE26A8 /* BMICalculator */;
			targetProxy = 0ADBD09A28ECF4BD00BE26A8 /* PBXContainerItemProxy */;
		};
		0ADBD0A528ECF4BD00BE26A8 /* PBXTargetDependency */ = {
			isa = PBXTargetDependency;
			target = 0ADBD08228ECF4BD00BE26A8 /* BMICalculator */;
			targetProxy = 0ADBD0A428ECF4BD00BE26A8 /* PBXContainerItemProxy */;
		};
/* End PBXTargetDependency section */

/* Begin PBXVariantGroup section */
		0ADBD08C28ECF4BD00BE26A8 /* Main.storyboard */ = {
			isa = PBXVariantGroup;
			children = (
				0ADBD08D28ECF4BD00BE26A8 /* Base */,
			);
			name = Main.storyboard;
			sourceTree = "<group>";
		};
		0ADBD09128ECF4BD00BE26A8 /* LaunchScreen.storyboard */ = {
			isa = PBXVariantGroup;
			children = (
				0ADBD09228ECF4BD00BE26A8 /* Base */,
			);
			name = LaunchScreen.storyboard;
			sourceTree = "<group>";
		};
/* End PBXVariantGroup section */

/* Begin XCBuildConfiguration section */
		0ADBD0AB28ECF4BD00BE26A8 /* Debug */ = {
			isa = XCBuildConfiguration;
			buildSettings = {
				ALWAYS_SEARCH_USER_PATHS = NO;
				CLANG_ANALYZER_NONNULL = YES;
				CLANG_ANALYZER_NUMBER_OBJECT_CONVERSION = YES_AGGRESSIVE;
				CLANG_CXX_LANGUAGE_STANDARD = "gnu++17";
				CLANG_ENABLE_MODULES = YES;
				CLANG_ENABLE_OBJC_ARC = YES;
				CLANG_ENABLE_OBJC_WEAK = YES;
				CLANG_WARN_BLOCK_CAPTURE_AUTORELEASING = YES;
				CLANG_WARN_BOOL_CONVERSION = YES;
				CLANG_WARN_COMMA = YES;
				CLANG_WARN_CONSTANT_CONVERSION = YES;
				CLANG_WARN_DEPRECATED_OBJC_IMPLEMENTATIONS = YES;
				CLANG_WARN_DIRECT_OBJC_ISA_USAGE = YES_ERROR;
				CLANG_WARN_DOCUMENTATION_COMMENTS = YES;
				CLANG_WARN_EMPTY_BODY = YES;
				CLANG_WARN_ENUM_CONVERSION = YES;
				CLANG_WARN_INFINITE_RECURSION = YES;
				CLANG_WARN_INT_CONVERSION = YES;
				CLANG_WARN_NON_LITERAL_NULL_CONVERSION = YES;
				CLANG_WARN_OBJC_IMPLICIT_RETAIN_SELF = YES;
				CLANG_WARN_OBJC_LITERAL_CONVERSION = YES;
				CLANG_WARN_OBJC_ROOT_CLASS = YES_ERROR;
				CLANG_WARN_QUOTED_INCLUDE_IN_FRAMEWORK_HEADER = YES;
				CLANG_WARN_RANGE_LOOP_ANALYSIS = YES;
				CLANG_WARN_STRICT_PROTOTYPES = YES;
				CLANG_WARN_SUSPICIOUS_MOVE = YES;
				CLANG_WARN_UNGUARDED_AVAILABILITY = YES_AGGRESSIVE;
				CLANG_WARN_UNREACHABLE_CODE = YES;
				CLANG_WARN__DUPLICATE_METHOD_MATCH = YES;
				COPY_PHASE_STRIP = NO;
				DEBUG_INFORMATION_FORMAT = dwarf;
				ENABLE_STRICT_OBJC_MSGSEND = YES;
				ENABLE_TESTABILITY = YES;
				GCC_C_LANGUAGE_STANDARD = gnu11;
				GCC_DYNAMIC_NO_PIC = NO;
				GCC_NO_COMMON_BLOCKS = YES;
				GCC_OPTIMIZATION_LEVEL = 0;
				GCC_PREPROCESSOR_DEFINITIONS = (
					"DEBUG=1",
					"$(inherited)",
				);
				GCC_WARN_64_TO_32_BIT_CONVERSION = YES;
				GCC_WARN_ABOUT_RETURN_TYPE = YES_ERROR;
				GCC_WARN_UNDECLARED_SELECTOR = YES;
				GCC_WARN_UNINITIALIZED_AUTOS = YES_AGGRESSIVE;
				GCC_WARN_UNUSED_FUNCTION = YES;
				GCC_WARN_UNUSED_VARIABLE = YES;
				IPHONEOS_DEPLOYMENT_TARGET = 15.5;
				MTL_ENABLE_DEBUG_INFO = INCLUDE_SOURCE;
				MTL_FAST_MATH = YES;
				ONLY_ACTIVE_ARCH = YES;
				SDKROOT = iphoneos;
				SWIFT_ACTIVE_COMPILATION_CONDITIONS = DEBUG;
				SWIFT_OPTIMIZATION_LEVEL = "-Onone";
			};
			name = Debug;
		};
		0ADBD0AC28ECF4BD00BE26A8 /* Release */ = {
			isa = XCBuildConfiguration;
			buildSettings = {
				ALWAYS_SEARCH_USER_PATHS = NO;
				CLANG_ANALYZER_NONNULL = YES;
				CLANG_ANALYZER_NUMBER_OBJECT_CONVERSION = YES_AGGRESSIVE;
				CLANG_CXX_LANGUAGE_STANDARD = "gnu++17";
				CLANG_ENABLE_MODULES = YES;
				CLANG_ENABLE_OBJC_ARC = YES;
				CLANG_ENABLE_OBJC_WEAK = YES;
				CLANG_WARN_BLOCK_CAPTURE_AUTORELEASING = YES;
				CLANG_WARN_BOOL_CONVERSION = YES;
				CLANG_WARN_COMMA = YES;
				CLANG_WARN_CONSTANT_CONVERSION = YES;
				CLANG_WARN_DEPRECATED_OBJC_IMPLEMENTATIONS = YES;
				CLANG_WARN_DIRECT_OBJC_ISA_USAGE = YES_ERROR;
				CLANG_WARN_DOCUMENTATION_COMMENTS = YES;
				CLANG_WARN_EMPTY_BODY = YES;
				CLANG_WARN_ENUM_CONVERSION = YES;
				CLANG_WARN_INFINITE_RECURSION = YES;
				CLANG_WARN_INT_CONVERSION = YES;
				CLANG_WARN_NON_LITERAL_NULL_CONVERSION = YES;
				CLANG_WARN_OBJC_IMPLICIT_RETAIN_SELF = YES;
				CLANG_WARN_OBJC_LITERAL_CONVERSION = YES;
				CLANG_WARN_OBJC_ROOT_CLASS = YES_ERROR;
				CLANG_WARN_QUOTED_INCLUDE_IN_FRAMEWORK_HEADER = YES;
				CLANG_WARN_RANGE_LOOP_ANALYSIS = YES;
				CLANG_WARN_STRICT_PROTOTYPES = YES;
				CLANG_WARN_SUSPICIOUS_MOVE = YES;
				CLANG_WARN_UNGUARDED_AVAILABILITY = YES_AGGRESSIVE;
				CLANG_WARN_UNREACHABLE_CODE = YES;
				CLANG_WARN__DUPLICATE_METHOD_MATCH = YES;
				COPY_PHASE_STRIP = NO;
				DEBUG_INFORMATION_FORMAT = "dwarf-with-dsym";
				ENABLE_NS_ASSERTIONS = NO;
				ENABLE_STRICT_OBJC_MSGSEND = YES;
				GCC_C_LANGUAGE_STANDARD = gnu11;
				GCC_NO_COMMON_BLOCKS = YES;
				GCC_WARN_64_TO_32_BIT_CONVERSION = YES;
				GCC_WARN_ABOUT_RETURN_TYPE = YES_ERROR;
				GCC_WARN_UNDECLARED_SELECTOR = YES;
				GCC_WARN_UNINITIALIZED_AUTOS = YES_AGGRESSIVE;
				GCC_WARN_UNUSED_FUNCTION = YES;
				GCC_WARN_UNUSED_VARIABLE = YES;
				IPHONEOS_DEPLOYMENT_TARGET = 15.5;
				MTL_ENABLE_DEBUG_INFO = NO;
				MTL_FAST_MATH = YES;
				SDKROOT = iphoneos;
				SWIFT_COMPILATION_MODE = wholemodule;
				SWIFT_OPTIMIZATION_LEVEL = "-O";
				VALIDATE_PRODUCT = YES;
			};
			name = Release;
		};
		0ADBD0AE28ECF4BD00BE26A8 /* Debug */ = {
			isa = XCBuildConfiguration;
			buildSettings = {
				ASSETCATALOG_COMPILER_APPICON_NAME = AppIcon;
				ASSETCATALOG_COMPILER_GLOBAL_ACCENT_COLOR_NAME = AccentColor;
				CODE_SIGN_STYLE = Automatic;
				CURRENT_PROJECT_VERSION = 1;
				GENERATE_INFOPLIST_FILE = YES;
				INFOPLIST_FILE = BMICalculator/Info.plist;
				INFOPLIST_KEY_UIApplicationSupportsIndirectInputEvents = YES;
				INFOPLIST_KEY_UILaunchStoryboardName = LaunchScreen;
				INFOPLIST_KEY_UIMainStoryboardFile = Main;
				INFOPLIST_KEY_UISupportedInterfaceOrientations_iPad = "UIInterfaceOrientationPortrait UIInterfaceOrientationPortraitUpsideDown UIInterfaceOrientationLandscapeLeft UIInterfaceOrientationLandscapeRight";
				INFOPLIST_KEY_UISupportedInterfaceOrientations_iPhone = "UIInterfaceOrientationPortrait UIInterfaceOrientationLandscapeLeft UIInterfaceOrientationLandscapeRight";
				LD_RUNPATH_SEARCH_PATHS = (
					"$(inherited)",
					"@executable_path/Frameworks",
				);
				MARKETING_VERSION = 1.0;
				PRODUCT_BUNDLE_IDENTIFIER = info.BMICalculator;
				PRODUCT_NAME = "$(TARGET_NAME)";
				SWIFT_EMIT_LOC_STRINGS = YES;
				SWIFT_VERSION = 5.0;
				TARGETED_DEVICE_FAMILY = "1,2";
			};
			name = Debug;
		};
		0ADBD0AF28ECF4BD00BE26A8 /* Release */ = {
			isa = XCBuildConfiguration;
			buildSettings = {
				ASSETCATALOG_COMPILER_APPICON_NAME = AppIcon;
				ASSETCATALOG_COMPILER_GLOBAL_ACCENT_COLOR_NAME = AccentColor;
				CODE_SIGN_STYLE = Automatic;
				CURRENT_PROJECT_VERSION = 1;
				GENERATE_INFOPLIST_FILE = YES;
				INFOPLIST_FILE = BMICalculator/Info.plist;
				INFOPLIST_KEY_UIApplicationSupportsIndirectInputEvents = YES;
				INFOPLIST_KEY_UILaunchStoryboardName = LaunchScreen;
				INFOPLIST_KEY_UIMainStoryboardFile = Main;
				INFOPLIST_KEY_UISupportedInterfaceOrientations_iPad = "UIInterfaceOrientationPortrait UIInterfaceOrientationPortraitUpsideDown UIInterfaceOrientationLandscapeLeft UIInterfaceOrientationLandscapeRight";
				INFOPLIST_KEY_UISupportedInterfaceOrientations_iPhone = "UIInterfaceOrientationPortrait UIInterfaceOrientationLandscapeLeft UIInterfaceOrientationLandscapeRight";
				LD_RUNPATH_SEARCH_PATHS = (
					"$(inherited)",
					"@executable_path/Frameworks",
				);
				MARKETING_VERSION = 1.0;
				PRODUCT_BUNDLE_IDENTIFIER = info.BMICalculator;
				PRODUCT_NAME = "$(TARGET_NAME)";
				SWIFT_EMIT_LOC_STRINGS = YES;
				SWIFT_VERSION = 5.0;
				TARGETED_DEVICE_FAMILY = "1,2";
			};
			name = Release;
		};
		0ADBD0B128ECF4BD00BE26A8 /* Debug */ = {
			isa = XCBuildConfiguration;
			buildSettings = {
				ALWAYS_EMBED_SWIFT_STANDARD_LIBRARIES = YES;
				BUNDLE_LOADER = "$(TEST_HOST)";
				CODE_SIGN_STYLE = Automatic;
				CURRENT_PROJECT_VERSION = 1;
				GENERATE_INFOPLIST_FILE = YES;
				IPHONEOS_DEPLOYMENT_TARGET = 15.5;
				MARKETING_VERSION = 1.0;
				PRODUCT_BUNDLE_IDENTIFIER = info.BMICalculatorTests;
				PRODUCT_NAME = "$(TARGET_NAME)";
				SWIFT_EMIT_LOC_STRINGS = NO;
				SWIFT_VERSION = 5.0;
				TARGETED_DEVICE_FAMILY = "1,2";
				TEST_HOST = "$(BUILT_PRODUCTS_DIR)/BMICalculator.app/BMICalculator";
			};
			name = Debug;
		};
		0ADBD0B228ECF4BD00BE26A8 /* Release */ = {
			isa = XCBuildConfiguration;
			buildSettings = {
				ALWAYS_EMBED_SWIFT_STANDARD_LIBRARIES = YES;
				BUNDLE_LOADER = "$(TEST_HOST)";
				CODE_SIGN_STYLE = Automatic;
				CURRENT_PROJECT_VERSION = 1;
				GENERATE_INFOPLIST_FILE = YES;
				IPHONEOS_DEPLOYMENT_TARGET = 15.5;
				MARKETING_VERSION = 1.0;
				PRODUCT_BUNDLE_IDENTIFIER = info.BMICalculatorTests;
				PRODUCT_NAME = "$(TARGET_NAME)";
				SWIFT_EMIT_LOC_STRINGS = NO;
				SWIFT_VERSION = 5.0;
				TARGETED_DEVICE_FAMILY = "1,2";
				TEST_HOST = "$(BUILT_PRODUCTS_DIR)/BMICalculator.app/BMICalculator";
			};
			name = Release;
		};
		0ADBD0B428ECF4BD00BE26A8 /* Debug */ = {
			isa = XCBuildConfiguration;
			buildSettings = {
				ALWAYS_EMBED_SWIFT_STANDARD_LIBRARIES = YES;
				CODE_SIGN_STYLE = Automatic;
				CURRENT_PROJECT_VERSION = 1;
				GENERATE_INFOPLIST_FILE = YES;
				MARKETING_VERSION = 1.0;
				PRODUCT_BUNDLE_IDENTIFIER = info.BMICalculatorUITests;
				PRODUCT_NAME = "$(TARGET_NAME)";
				SWIFT_EMIT_LOC_STRINGS = NO;
				SWIFT_VERSION = 5.0;
				TARGETED_DEVICE_FAMILY = "1,2";
				TEST_TARGET_NAME = BMICalculator;
			};
			name = Debug;
		};
		0ADBD0B528ECF4BD00BE26A8 /* Release */ = {
			isa = XCBuildConfiguration;
			buildSettings = {
				ALWAYS_EMBED_SWIFT_STANDARD_LIBRARIES = YES;
				CODE_SIGN_STYLE = Automatic;
				CURRENT_PROJECT_VERSION = 1;
				GENERATE_INFOPLIST_FILE = YES;
				MARKETING_VERSION = 1.0;
				PRODUCT_BUNDLE_IDENTIFIER = info.BMICalculatorUITests;
				PRODUCT_NAME = "$(TARGET_NAME)";
				SWIFT_EMIT_LOC_STRINGS = NO;
				SWIFT_VERSION = 5.0;
				TARGETED_DEVICE_FAMILY = "1,2";
				TEST_TARGET_NAME = BMICalculator;
			};
			name = Release;
		};
/* End XCBuildConfiguration section */

/* Begin XCConfigurationList section */
		0ADBD07E28ECF4BC00BE26A8 /* Build configuration list for PBXProject "BMICalculator" */ = {
			isa = XCConfigurationList;
			buildConfigurations = (
				0ADBD0AB28ECF4BD00BE26A8 /* Debug */,
				0ADBD0AC28ECF4BD00BE26A8 /* Release */,
			);
			defaultConfigurationIsVisible = 0;
			defaultConfigurationName = Release;
		};
		0ADBD0AD28ECF4BD00BE26A8 /* Build configuration list for PBXNativeTarget "BMICalculator" */ = {
			isa = XCConfigurationList;
			buildConfigurations = (
				0ADBD0AE28ECF4BD00BE26A8 /* Debug */,
				0ADBD0AF28ECF4BD00BE26A8 /* Release */,
			);
			defaultConfigurationIsVisible = 0;
			defaultConfigurationName = Release;
		};
		0ADBD0B028ECF4BD00BE26A8 /* Build configuration list for PBXNativeTarget "BMICalculatorTests" */ = {
			isa = XCConfigurationList;
			buildConfigurations = (
				0ADBD0B128ECF4BD00BE26A8 /* Debug */,
				0ADBD0B228ECF4BD00BE26A8 /* Release */,
			);
			defaultConfigurationIsVisible = 0;
			defaultConfigurationName = Release;
		};
		0ADBD0B328ECF4BD00BE26A8 /* Build configuration list for PBXNativeTarget "BMICalculatorUITests" */ = {
			isa = XCConfigurationList;
			buildConfigurations = (
				0ADBD0B428ECF4BD00BE26A8 /* Debug */,
				0ADBD0B528ECF4BD00BE26A8 /* Release */,
			);
			defaultConfigurationIsVisible = 0;
			defaultConfigurationName = Release;
		};
/* End XCConfigurationList section */
	};
	rootObject = 0ADBD07B28ECF4BC00BE26A8 /* Project object */;
}
